name: 
channels:
- https://conda.anaconda.org
- https://conda.anaconda.org/conda-forge
dependencies:
- _r-mutex=1.0.0=anacondar_1
- gettext=0.19.8.1=h73d1719_1008
- fonts-conda-ecosystem=1=0
- font-ttf-ubuntu=0.83=hab24e00_0
- libxcb=1.13=h7f98852_1004
- fribidi=1.0.10=h36c2ea0_0
- sysroot_linux-64=2.12=he073ed8_15
- gxx_impl_linux-64=10.3.0=hf2f2afa_16
- libpng=1.6.37=h21135ba_2
- libblas=3.9.0=14_linux64_openblas
- sqlite=3.38.5=h4ff8645_0
- xorg-libxdmcp=1.1.3=h7f98852_0
- make=4.3=hd18ef5c_1
- graphite2=1.3.13=h58526e2_1001
- libxml2=2.9.14=h22db469_0
- xorg-libxau=1.0.9=h7f98852_0
- openssl=3.0.3=h166bdaf_0
- lz4-c=1.9.3=h9c3ff4c_1
- font-ttf-source-code-pro=2.038=h77eed37_0
- liblapack=3.9.0=14_linux64_openblas
- libcblas=3.9.0=14_linux64_openblas
- cairo=1.16.0=ha61ee94_1011
- gsl=2.7=he838d99_0
- freetype=2.10.4=h0708190_1
- lerc=3.0=h9c3ff4c_0
- libstdcxx-ng=12.1.0=ha89aaad_16
- fonts-conda-forge=1=0
- libgomp=12.1.0=h8d9b700_16
- c-ares=1.18.1=h7f98852_0
- libgfortran-ng=12.1.0=h69a702a_16
- pcre2=10.37=h032f7d1_0
- icu=70.1=h27087fc_0
- libedit=3.1.20191231=he28a2e2_2
- gcc_impl_linux-64=10.3.0=hf2f2afa_16
- pthread-stubs=0.4=h36c2ea0_1001
- xorg-libice=1.0.10=h7f98852_0
- jpeg=9e=h166bdaf_1
- xorg-xextproto=7.3.0=h7f98852_1002
- libiconv=1.16=h516909a_0
- libnghttp2=1.47.0=he49606f_0
- libdeflate=1.10=h7f98852_0
- keyutils=1.6.1=h166bdaf_0
- binutils_linux-64=2.36=hf3e587d_9
- r-base=4.1.3=h06d3f91_1
- curl=7.83.1=h2283fc2_0
- xorg-xproto=7.0.31=h7f98852_1007
- xorg-libxrender=0.9.10=h7f98852_1003
- libgcc-devel_linux-64=10.3.0=he6cfe16_16
- libev=4.33=h516909a_1
- pcre=8.45=h9c3ff4c_0
- pango=1.50.7=hbd2fdc8_0
- fontconfig=2.14.0=h8e229c2_0
- wheel=0.37.1=pyhd8ed1ab_0
- harfbuzz=4.2.1=hf9f4e7c_0
- libtiff=4.3.0=h542a066_3
- libgfortran5=12.1.0=hdcd56e2_16
- libffi=3.4.2=h7f98852_5
- python=3.9.12=h2660328_1_cpython
- libgcc-ng=12.1.0=h8d9b700_16
- xorg-renderproto=0.11.1=h7f98852_1002
- font-ttf-dejavu-sans-mono=2.37=hab24e00_0
- xorg-libsm=1.2.3=hd9c2040_1000
- readline=8.1=h46c0cb4_0
- tzdata=2022a=h191b570_0
- libopenblas=0.3.20=pthreads_h78a6416_0
- libnsl=2.0.0=h7f98852_0
- gcc_linux-64=10.3.0=hc39de41_9
- libuuid=2.32.1=h7f98852_1000
- krb5=1.19.3=h08a2579_0
- libzlib=1.2.11=h166bdaf_1014
- pixman=0.40.0=h36c2ea0_0
- jbig=2.1=h7f98852_2003
- _openmp_mutex=4.5=2_gnu
- xorg-libx11=1.7.2=h7f98852_0
- kernel-headers_linux-64=2.6.32=he073ed8_15
- bzip2=1.0.8=h7f98852_4
- setuptools=62.2.0=py39hf3d152e_0
- sed=4.8=he412f7d_0
- libcurl=7.83.1=h2283fc2_0
- expat=2.4.8=h27087fc_0
- pip=22.1=pyhd8ed1ab_0
- ncurses=6.3=h27087fc_1
- python_abi=3.9=2_cp39
- ld_impl_linux-64=2.36.1=hea4e1c9_2
- xorg-kbproto=1.0.7=h7f98852_1002
- tk=8.6.12=h27826a3_0
- font-ttf-inconsolata=3.000=h77eed37_0
- libwebp-base=1.2.2=h7f98852_1
- libstdcxx-devel_linux-64=10.3.0=he6cfe16_16
- xorg-libxt=1.2.1=h7f98852_2
- libssh2=1.10.0=ha35d2d1_2
- libsanitizer=10.3.0=h26c7422_16
- gfortran_impl_linux-64=10.3.0=h73f4979_16
- gfortran_linux-64=10.3.0=hb09a455_9
- _libgcc_mutex=0.1=conda_forge
- bwidget=1.9.14=ha770c72_1
- zstd=1.5.2=ha95c52a_0
- tktable=2.10=hb7b940f_3
- binutils_impl_linux-64=2.36.1=h193b22a_2
- xz=5.2.5=h516909a_1
- ca-certificates=2021.10.8=ha878542_0
- xorg-libxext=1.3.4=h7f98852_1
- libglib=2.70.2=h174f98d_4
- gxx_linux-64=10.3.0=h2593f52_9
- zlib=1.2.11=h166bdaf_1014

