# This file may be used to create an environment using:
# $ conda create --name <env> --file <this file>
# platform: linux-64
@EXPLICIT
https://conda.anaconda.org/conda-forge/linux-64/libstdcxx-ng-11.2.0-he4da1e4_16.tar.bz2#8cfd1cd3273ff187be91b868ddf9a636
https://conda.anaconda.org/conda-forge/noarch/font-ttf-dejavu-sans-mono-2.37-hab24e00_0.tar.bz2#0c96522c6bdaed4b1566d11387caaf45
https://conda.anaconda.org/conda-forge/noarch/font-ttf-ubuntu-0.83-hab24e00_0.tar.bz2#19410c3df09dfb12d1206132a1d357c5
https://repo.anaconda.com/pkgs/main/noarch/tzdata-2021e-hda174b7_0.conda#b4aabe2891554c7ca519606b879c0ecd
https://conda.anaconda.org/conda-forge/noarch/pybind11-abi-4-hd8ed1ab_3.tar.bz2#878f923dd6acc8aeb47a75da6c4098be
https://conda.anaconda.org/conda-forge/linux-64/libgfortran5-11.2.0-h5c6108e_15.tar.bz2#7c2c0cd937b707aa46f3369d693a1f29
https://conda.anaconda.org/conda-forge/linux-64/libstdcxx-devel_linux-64-11.2.0-h0952999_15.tar.bz2#5b66fd6aeec5f378aeb11390ab23a1eb
https://conda.anaconda.org/conda-forge/linux-64/_libgcc_mutex-0.1-conda_forge.tar.bz2#d7c89558ba9fa0495403155b64376d81
https://conda.anaconda.org/conda-forge/linux-64/ld_impl_linux-64-2.36.1-hea4e1c9_2.tar.bz2#bd4f2e711b39af170e7ff15163fe87ee
https://conda.anaconda.org/conda-forge/linux-64/pandoc-2.18-ha770c72_0.tar.bz2#518b07342786b362238d22f76789ed59
https://conda.anaconda.org/conda-forge/noarch/font-ttf-source-code-pro-2.038-h77eed37_0.tar.bz2#4d59c254e01d9cde7957100457e2d5fb
https://conda.anaconda.org/conda-forge/linux-64/micromamba-0.23.1-0.tar.bz2#000d440baaeb66b52a83b43cb4e549a7
https://conda.anaconda.org/conda-forge/noarch/font-ttf-inconsolata-3.000-h77eed37_0.tar.bz2#34893075a5c9e55cdafac56607368fc6
https://conda.anaconda.org/conda-forge/noarch/kernel-headers_linux-64-2.6.32-he073ed8_15.tar.bz2#5dd5127afd710f91f6a75821bac0a4f0
https://conda.anaconda.org/conda-forge/linux-64/libgcc-devel_linux-64-11.2.0-h0952999_15.tar.bz2#6628d232ec912aa46f0957f5fba05728
https://conda.anaconda.org/conda-forge/linux-64/ca-certificates-2021.10.8-ha878542_0.tar.bz2#575611b8a84f45960e87722eeb51fa26
https://conda.anaconda.org/conda-forge/linux-64/libgfortran-ng-11.2.0-h69a702a_15.tar.bz2#23b9afaf5975e1db0f59d1251425f5d5
https://conda.anaconda.org/conda-forge/linux-64/libgomp-11.2.0-h1d223b6_15.tar.bz2#5b7bff215ad9f30325dbe86dd983cb49
https://conda.anaconda.org/conda-forge/linux-64/libzlib-1.2.11-h166bdaf_1014.tar.bz2#757138ba3ddc6777b82e91d9ff62e7b9
https://conda.anaconda.org/conda-forge/linux-64/llvm-openmp-13.0.1-he0ac6c6_1.tar.bz2#843677bd8dba069314bdece4f14029c4
https://conda.anaconda.org/conda-forge/linux-64/_openmp_mutex-4.5-1_llvm.tar.bz2#fa8d764c883a53d22ce622bea830c818
https://conda.anaconda.org/conda-forge/linux-64/libgcc-ng-11.2.0-h1d223b6_15.tar.bz2#8041e476e66fcde71f0aa3d614e0efcf
https://conda.anaconda.org/conda-forge/noarch/fonts-conda-forge-1-0.tar.bz2#f766549260d6815b0c52253f1fb1bb29
https://conda.anaconda.org/conda-forge/noarch/sysroot_linux-64-2.12-he073ed8_15.tar.bz2#66c192522eacf5bb763568b4e415d133
https://conda.anaconda.org/conda-forge/linux-64/graphite2-1.3.13-h58526e2_1001.tar.bz2#8c54672728e8ec6aa6db90cf2806d220
https://conda.anaconda.org/conda-forge/linux-64/lz4-c-1.9.3-h9c3ff4c_1.tar.bz2#fbe97e8fa6f275d7c76a09e795adc3e6
https://repo.anaconda.com/pkgs/main/linux-64/yaml-0.2.5-h7b6447c_0.conda#39fdbf4db769e494ffb06d95680c83d8
https://conda.anaconda.org/conda-forge/linux-64/jbig-2.1-h7f98852_2003.tar.bz2#1aa0cee79792fa97b7ff4545110b60bf
https://conda.anaconda.org/conda-forge/linux-64/c-ares-1.18.1-h7f98852_0.tar.bz2#f26ef8098fab1f719c91eb760d63381a
https://conda.anaconda.org/conda-forge/linux-64/libgcc-7.2.0-h69d50b8_2.tar.bz2#9962126180acc1a4fec0c6aabe7c2459
https://conda.anaconda.org/conda-forge/linux-64/xorg-kbproto-1.0.7-h7f98852_1002.tar.bz2#4b230e8381279d76131116660f5a241a
https://conda.anaconda.org/conda-forge/linux-64/libuv-1.43.0-h7f98852_0.tar.bz2#b34d856aa7e06ebd79bded72ef4afc16
https://repo.anaconda.com/pkgs/main/linux-64/xz-5.2.5-h7b6447c_0.conda#73a16ea8ba890175a1ce94a3a87c8f68
https://conda.anaconda.org/conda-forge/linux-64/libnl-3.6.0-h166bdaf_0.tar.bz2#06744220b4753aa20e68953492f0c77f
https://repo.anaconda.com/pkgs/main/linux-64/ncurses-6.3-h7f8727e_2.conda#4edf660a09cc7adcb21120464b2a1783
https://conda.anaconda.org/conda-forge/linux-64/jpeg-9e-h166bdaf_1.tar.bz2#4828c7f7208321cfbede4880463f4930
https://conda.anaconda.org/conda-forge/linux-64/giflib-5.2.1-h36c2ea0_2.tar.bz2#626e68ae9cc5912d6adb79d318cf962d
https://conda.anaconda.org/conda-forge/linux-64/bzip2-1.0.8-h7f98852_4.tar.bz2#a1fd65c7ccbf10880423d82bca54eb54
https://conda.anaconda.org/conda-forge/linux-64/xorg-libice-1.0.10-h7f98852_0.tar.bz2#d6b0b50b49eccfe0be0373be628be0f3
https://conda.anaconda.org/conda-forge/linux-64/openssl-1.1.1o-h166bdaf_0.tar.bz2#6172048796b123e542945d998f5150b7
https://conda.anaconda.org/conda-forge/linux-64/libsanitizer-11.2.0-he4da1e4_15.tar.bz2#82c3ec1ead559cb18ad1472d396023d2
https://conda.anaconda.org/conda-forge/linux-64/lzo-2.10-h516909a_1000.tar.bz2#bb14fcb13341b81d5eb386423b9d2bac
https://conda.anaconda.org/conda-forge/linux-64/keyutils-1.6.1-h166bdaf_0.tar.bz2#30186d27e2c9fa62b45fb1476b7200e3
https://conda.anaconda.org/conda-forge/linux-64/tbb-2020.2-h4bd325d_4.tar.bz2#850df84d9b8261b73102a8fce99f820f
https://conda.anaconda.org/conda-forge/linux-64/lerc-3.0-h9c3ff4c_0.tar.bz2#7fcefde484980d23f0ec24c11e314d2e
https://conda.anaconda.org/conda-forge/linux-64/rhash-1.4.1-h7f98852_0.tar.bz2#950d61884fdd45bfa8bbe479bb38cc18
https://conda.anaconda.org/conda-forge/linux-64/libnsl-2.0.0-h7f98852_0.tar.bz2#39b1328babf85c7c3a61636d9cd50206
https://conda.anaconda.org/conda-forge/linux-64/xorg-xextproto-7.3.0-h7f98852_1002.tar.bz2#1e15f6ad85a7d743a2ac68dae6c82b98
https://conda.anaconda.org/conda-forge/linux-64/expat-2.4.8-h27087fc_0.tar.bz2#e1b07832504eeba765d648389cc387a9
https://conda.anaconda.org/conda-forge/linux-64/libuuid-2.32.1-h7f98852_1000.tar.bz2#772d69f030955d9646d3d0eaf21d859d
https://conda.anaconda.org/conda-forge/linux-64/pthread-stubs-0.4-h36c2ea0_1001.tar.bz2#22dad4df6e8630e8dff2428f6f6a7036
https://conda.anaconda.org/conda-forge/linux-64/libwebp-base-1.2.2-h7f98852_1.tar.bz2#46cf26ecc8775a0aab300ea1821aaa3c
https://conda.anaconda.org/conda-forge/linux-64/libtool-2.4.6-h9c3ff4c_1008.tar.bz2#16e143a1ed4b4fd169536373957f6fee
https://conda.anaconda.org/conda-forge/linux-64/libopenblas-0.3.20-pthreads_h78a6416_0.tar.bz2#9b6d0781953c9e353faee494336cc229
https://conda.anaconda.org/conda-forge/linux-64/icu-70.1-h27087fc_0.tar.bz2#87473a15119779e021c314249d4b4aed
https://conda.anaconda.org/conda-forge/linux-64/xorg-renderproto-0.11.1-h7f98852_1002.tar.bz2#06feff3d2634e3097ce2fe681474b534
https://conda.anaconda.org/conda-forge/linux-64/libsolv-0.7.22-h6239696_0.tar.bz2#461963bb499e58bae159a898600f8792
https://conda.anaconda.org/conda-forge/linux-64/xorg-xproto-7.0.31-h7f98852_1007.tar.bz2#b4a4381d54784606820704f7b5f05a15
https://conda.anaconda.org/conda-forge/linux-64/reproc-14.2.3-h7f98852_0.tar.bz2#1e16d4142b016b6a5ebdeb3d6d33aaf4
https://conda.anaconda.org/conda-forge/linux-64/pcre-8.45-h9c3ff4c_0.tar.bz2#c05d1820a6d34ff07aaaab7a9b7eddaa
https://conda.anaconda.org/conda-forge/linux-64/libev-4.33-h516909a_1.tar.bz2#6f8720dff19e17ce5d48cfe7f3d2f0a3
https://conda.anaconda.org/conda-forge/linux-64/yaml-cpp-0.6.3-he1b5a44_4.tar.bz2#8e873da49d14b584bed5a09084a68136
https://conda.anaconda.org/conda-forge/linux-64/libffi-3.4.2-h7f98852_5.tar.bz2#d645c6d2ac96843a2bfaccd2d62b3ac3
https://conda.anaconda.org/conda-forge/linux-64/xorg-libxau-1.0.9-h7f98852_0.tar.bz2#bf6f803a544f26ebbdc3bfff272eb179
https://conda.anaconda.org/conda-forge/linux-64/zlib-1.2.11-h166bdaf_1014.tar.bz2#def3b82d1a03aa695bb38ac1dd072ff2
https://conda.anaconda.org/conda-forge/linux-64/pixman-0.40.0-h36c2ea0_0.tar.bz2#660e72c82f2e75a6b3fe6a6e75c79f19
https://conda.anaconda.org/conda-forge/linux-64/make-4.3-hd18ef5c_1.tar.bz2#4049ebfd3190b580dffe76daed26155a
https://conda.anaconda.org/conda-forge/linux-64/xorg-libxdmcp-1.1.3-h7f98852_0.tar.bz2#be93aabceefa2fac576e971aef407908
https://conda.anaconda.org/conda-forge/linux-64/libiconv-1.16-h516909a_0.tar.bz2#5c0f338a513a2943c659ae619fca9211
https://conda.anaconda.org/conda-forge/linux-64/fribidi-1.0.10-h36c2ea0_0.tar.bz2#ac7bc6a654f8f41b352b38f4051135f8
https://conda.anaconda.org/conda-forge/linux-64/libdeflate-1.10-h7f98852_0.tar.bz2#ffa3a757a97e851293909b49f49f28fb
https://conda.anaconda.org/conda-forge/noarch/fonts-conda-ecosystem-1-0.tar.bz2#fee5683a3f04bd15cbd8318b096a27ab
https://conda.anaconda.org/conda-forge/linux-64/binutils_impl_linux-64-2.36.1-h193b22a_2.tar.bz2#32aae4265554a47ea77f7c09f86aeb3b
https://conda.anaconda.org/conda-forge/linux-64/zstd-1.5.2-ha95c52a_0.tar.bz2#5222b231b1ef49a7f60d40b363469b70
https://repo.anaconda.com/pkgs/main/linux-64/readline-8.1.2-h7f8727e_1.conda#ea33f478fea12406f394944e7e4f3d20
https://conda.anaconda.org/conda-forge/linux-64/htop-3.1.2-h46c0cb4_0.tar.bz2#f3ba31437f78242c65e46e5404e4038e
https://conda.anaconda.org/conda-forge/linux-64/ncdu-1.16-h46c0cb4_0.tar.bz2#d1e00b0f7ccb06b11f469d72b56c1816
https://conda.anaconda.org/conda-forge/linux-64/libedit-3.1.20191231-he28a2e2_2.tar.bz2#4d331e44109e3f0e19b4cb8f9b82f3e1
https://conda.anaconda.org/conda-forge/linux-64/perl-5.32.1-2_h7f98852_perl5.tar.bz2#09ba115862623f00962e9809ea248f1a
https://conda.anaconda.org/conda-forge/linux-64/xorg-libsm-1.2.3-hd9c2040_1000.tar.bz2#9e856f78d5c80d5a78f61e72d1d473a3
https://conda.anaconda.org/conda-forge/linux-64/libblas-3.9.0-14_linux64_openblas.tar.bz2#fb31fbbde682414550bbe15e3964420f
https://conda.anaconda.org/conda-forge/linux-64/reproc-cpp-14.2.3-h9c3ff4c_0.tar.bz2#1fc15d3b393b62192d3eeade92b61610
https://conda.anaconda.org/conda-forge/linux-64/gettext-0.19.8.1-h73d1719_1008.tar.bz2#af49250eca8e139378f8ff0ae9e57251
https://conda.anaconda.org/conda-forge/linux-64/libssh2-1.10.0-ha56f1ee_2.tar.bz2#6ab4eaa11ff01801cffca0a27489dc04
https://conda.anaconda.org/conda-forge/linux-64/nodejs-17.9.0-h96d913c_0.tar.bz2#760b5a71dbaaf438e83824f55b2dbb9e
https://repo.anaconda.com/pkgs/main/linux-64/tk-8.6.11-h1ccaba5_0.conda#3a4fa2ce7262dc3e8f082a7c25e7451c
https://conda.anaconda.org/conda-forge/linux-64/pcre2-10.37-h032f7d1_0.tar.bz2#6469e4602e914febe6f057ad2271a54e
https://conda.anaconda.org/conda-forge/linux-64/libnghttp2-1.47.0-h727a467_0.tar.bz2#a22567abfea169ff8048506b1ca9b230
https://conda.anaconda.org/conda-forge/linux-64/libpng-1.6.37-h21135ba_2.tar.bz2#b6acf807307d033d4b7e758b4f44b036
https://conda.anaconda.org/conda-forge/linux-64/libxcb-1.13-h7f98852_1004.tar.bz2#b3653fdc58d03face9724f602218a904
https://conda.anaconda.org/conda-forge/linux-64/libxml2-2.9.13-h22db469_0.tar.bz2#e2777ad62b2290585d189f7649898584
https://conda.anaconda.org/conda-forge/linux-64/gcc_impl_linux-64-11.2.0-h82a94d6_15.tar.bz2#2f293e920b5206424603442d389638c2
https://conda.anaconda.org/conda-forge/linux-64/binutils_linux-64-2.36-hf3e587d_9.tar.bz2#65bcfc97d561ef25a8e6f2e03fae9895
https://conda.anaconda.org/conda-forge/linux-64/libtiff-4.3.0-h542a066_3.tar.bz2#1a0efb4dfd880b0376da8e1ba39fa838
https://repo.anaconda.com/pkgs/main/linux-64/sqlite-3.37.0-hc218d9a_0.conda#a1460295556dd9c7228122c860a7ca29
https://conda.anaconda.org/conda-forge/linux-64/krb5-1.19.3-h3790be6_0.tar.bz2#7d862b05445123144bec92cb1acc8ef8
https://conda.anaconda.org/conda-forge/linux-64/parallel-20220222-ha770c72_0.tar.bz2#f2ac48adf84f0f7eae9b571f9c398f4e
https://conda.anaconda.org/conda-forge/linux-64/liblapack-3.9.0-14_linux64_openblas.tar.bz2#13367ebd0243a949cee7564b13c3cd42
https://conda.anaconda.org/conda-forge/linux-64/libcblas-3.9.0-14_linux64_openblas.tar.bz2#1b41ea4c32014d878e84de4e5690df7a
https://conda.anaconda.org/conda-forge/linux-64/libglib-2.70.2-h174f98d_4.tar.bz2#d44314ffae96b17657fbf3f8e47b04fc
https://conda.anaconda.org/conda-forge/linux-64/fish-3.4.1-h682823d_0.tar.bz2#8cb1e04268afb382fb695cd623bb226f
https://conda.anaconda.org/conda-forge/linux-64/freetype-2.10.4-h0708190_1.tar.bz2#4a06f2ac2e5bfae7b6b245171c3f07aa
https://conda.anaconda.org/conda-forge/linux-64/xorg-libx11-1.7.2-h7f98852_0.tar.bz2#12a61e640b8894504326aadafccbb790
https://conda.anaconda.org/conda-forge/linux-64/libarchive-3.5.2-hccf745f_1.tar.bz2#c777ce221e0f3f1aade66074405d042e
https://conda.anaconda.org/conda-forge/linux-64/gxx_impl_linux-64-11.2.0-h82a94d6_15.tar.bz2#5227fc3ea697d92bd144e6b3a056b738
https://conda.anaconda.org/conda-forge/linux-64/gfortran_impl_linux-64-11.2.0-h7a446d4_15.tar.bz2#dae130649b66377332c28e5f11293528
https://conda.anaconda.org/conda-forge/linux-64/gcc_linux-64-11.2.0-h39a9532_9.tar.bz2#b158d78f28093e448b3cef7212754efd
https://conda.anaconda.org/conda-forge/linux-64/libwebp-1.2.2-h3452ae3_0.tar.bz2#c363665b4aabe56aae4f8981cff5b153
https://conda.anaconda.org/conda-forge/linux-64/aria2-1.36.0-h319415d_2.tar.bz2#dc5f9527edf23aabb84d2020660eb847
https://conda.anaconda.org/conda-forge/linux-64/python-3.9.10-h85951f9_2_cpython.tar.bz2#eb70cef531c241272a35010ea8a4f705
https://repo.anaconda.com/pkgs/main/noarch/wheel-0.37.1-pyhd3eb1b0_0.conda#ab85e96e26da8d5797c2458232338b86
https://conda.anaconda.org/conda-forge/linux-64/libcurl-7.82.0-h7bff187_0.tar.bz2#fa26f833ca8796ad44f9561c5402013d
https://conda.anaconda.org/conda-forge/linux-64/gts-0.7.6-h64030ff_2.tar.bz2#112eb9b5b93f0c02e59aea4fd1967363
https://conda.anaconda.org/conda-forge/linux-64/atk-1.0-2.36.0-h3371d22_4.tar.bz2#661e1ed5d92552785d9f8c781ce68685
https://conda.anaconda.org/conda-forge/linux-64/gdk-pixbuf-2.42.8-hff1cb4f_0.tar.bz2#908fc30f89e27817d835b45f865536d7
https://conda.anaconda.org/conda-forge/linux-64/fontconfig-2.14.0-h8e229c2_0.tar.bz2#f314f79031fec74adc9bff50fbaffd89
https://conda.anaconda.org/conda-forge/linux-64/xorg-libxrender-0.9.10-h7f98852_1003.tar.bz2#f59c1242cc1dd93e72c2ee2b360979eb
https://conda.anaconda.org/conda-forge/linux-64/xorg-libxext-1.3.4-h7f98852_1.tar.bz2#536cc5db4d0a3ba0630541aec064b5e4
https://conda.anaconda.org/conda-forge/linux-64/gfortran_linux-64-11.2.0-h777b47f_9.tar.bz2#824f3f4aaf342f2dda4f2df8ad2e54db
https://conda.anaconda.org/conda-forge/linux-64/gxx_linux-64-11.2.0-hacbe6df_9.tar.bz2#1605371e4d85ceeb641921877b04a987
https://conda.anaconda.org/conda-forge/linux-64/python_abi-3.9-2_cp39.tar.bz2#39adde4247484de2bb4000122fdcf665
https://conda.anaconda.org/conda-forge/linux-64/libmamba-0.22.1-hd8a31e3_1.tar.bz2#e9e3492455c1f16e573bf37b9ef66503
https://conda.anaconda.org/conda-forge/linux-64/cmake-3.23.1-h5432695_0.tar.bz2#364b9fc82f1ad210718ebb66299ded81
https://conda.anaconda.org/conda-forge/linux-64/curl-7.82.0-h7bff187_0.tar.bz2#631777dcd00a2714cf0c415ffe40c480
https://conda.anaconda.org/conda-forge/linux-64/hdf5-1.12.1-nompi_h2386368_104.tar.bz2#9607caa4c7df524ab6ddf6005ffa6731
https://conda.anaconda.org/conda-forge/linux-64/libgd-2.3.3-h18fbbfe_3.tar.bz2#ea9758cf553476ddf75c789fdd239dc5
https://conda.anaconda.org/conda-forge/linux-64/cairo-1.16.0-ha61ee94_1011.tar.bz2#0b53c7f7af13244374ef7226bac3f843
https://conda.anaconda.org/conda-forge/linux-64/certifi-2021.10.8-py39hf3d152e_2.tar.bz2#eb728d82a814f6f4d1a62db2422e004e
https://conda.anaconda.org/conda-forge/linux-64/git-2.35.3-pl5321h36853c3_0.tar.bz2#a4033955267d65d8579d5af863641d97
https://conda.anaconda.org/conda-forge/linux-64/harfbuzz-4.2.0-hf9f4e7c_1.tar.bz2#b3e937e367e157cacd4c65cc92c288a7
https://repo.anaconda.com/pkgs/main/linux-64/setuptools-58.0.4-py39h06a4308_0.conda#7e17b9788eb5bf407d8eadc888ffe6a9
https://conda.anaconda.org/conda-forge/linux-64/pango-1.50.7-hbd2fdc8_0.tar.bz2#1cff4bab8ed133d59b7c22fe7bf09263
https://repo.anaconda.com/pkgs/main/linux-64/pip-21.2.4-py39h06a4308_0.conda#74bcf27ebb94020ea1c838279382cadf
https://conda.anaconda.org/conda-forge/linux-64/librsvg-2.54.0-h7abd40a_0.tar.bz2#3f0e0e1c0846c5213a7cd4f287243649
https://conda.anaconda.org/conda-forge/linux-64/gtk2-2.24.33-h90689f9_2.tar.bz2#957a0255ab58aaf394a91725d73ab422
https://conda.anaconda.org/conda-forge/noarch/python-utils-3.1.0-pyhd8ed1ab_0.tar.bz2#656838f2a7fb548ff3559a84fcb8e901
https://conda.anaconda.org/conda-forge/linux-64/libmambapy-0.22.1-py39hd55135b_1.tar.bz2#d1210908d1a90ba0b708ba190d27f467
https://conda.anaconda.org/conda-forge/noarch/joblib-1.1.0-pyhd8ed1ab_0.tar.bz2#07d1b5c8cde14d95998fd4767e1e62d2
https://conda.anaconda.org/bioconda/linux-64/pysam-0.19.0-py39h5030a8b_0.tar.bz2#64bd2cbfbed51a013329306daeec3aad
https://conda.anaconda.org/bioconda/linux-64/pytabix-0.1-py39h2add14b_2.tar.bz2#b44b64a9e978765d0ca5dd092c151b49
https://conda.anaconda.org/conda-forge/linux-64/python-levenshtein-0.12.2-py39hb9d737c_2.tar.bz2#83adcc6a5bdefe3d61f584e194db43a4
https://repo.anaconda.com/pkgs/main/noarch/pycparser-2.21-pyhd3eb1b0_0.conda#135a72ff2a31150a3a3ff0b1edd41ca9
https://repo.anaconda.com/pkgs/main/linux-64/pysocks-1.7.1-py39h06a4308_0.conda#0a2dc6c521fd674b11a99dea461c2d84
https://repo.anaconda.com/pkgs/main/noarch/charset-normalizer-2.0.4-pyhd3eb1b0_0.conda#e7a441d94234b2b5fafee06e25dbf076
https://repo.anaconda.com/pkgs/main/noarch/idna-3.3-pyhd3eb1b0_0.conda#8f43a528cf83b43af38a4d142fa38b8a
https://repo.anaconda.com/pkgs/main/linux-64/pycosat-0.6.3-py39h27cfd23_0.conda#ae68246cc683110894b517ca80a24072
https://conda.anaconda.org/bioconda/linux-64/python-edlib-1.3.9-py39hc16433a_1.tar.bz2#5b530fa62037c4a308642aaeb4c47799
https://conda.anaconda.org/conda-forge/linux-64/numpy-1.22.3-py39hc58783e_2.tar.bz2#e682ad4e85c7fda7dd0f0283d3b2ae8e
https://repo.anaconda.com/pkgs/main/noarch/six-1.16.0-pyhd3eb1b0_0.conda#529b369e1accc75b89f2d7e184a898d0
https://conda.anaconda.org/conda-forge/noarch/sortedcontainers-2.4.0-pyhd8ed1ab_0.tar.bz2#6d6552722448103793743dabfbda532d
https://conda.anaconda.org/conda-forge/noarch/pytz-2022.1-pyhd8ed1ab_0.tar.bz2#b87d66d6d3991d988fb31510c95a9267
https://conda.anaconda.org/bioconda/linux-64/bowtie2-2.4.5-py39hd2f7db1_2.tar.bz2#16d431bfb7de45e2f4dcfc0a617177e2
https://repo.anaconda.com/pkgs/main/noarch/tqdm-4.62.3-pyhd3eb1b0_1.conda#5661152efd84b194997e475d1bc438a0
https://conda.anaconda.org/conda-forge/linux-64/vim-8.2.3901-py39pl5321h424b07e_0.tar.bz2#c41230780a7e2ec02da67ef87c6a5785
https://repo.anaconda.com/pkgs/main/linux-64/ruamel_yaml-0.15.100-py39h27cfd23_0.conda#5ba3d94b0c7b349f0170c3bb62300f58
https://conda.anaconda.org/conda-forge/linux-64/graphviz-3.0.0-h5abf519_1.tar.bz2#fcaf13b2713335ff871ba551d5bda679
https://conda.anaconda.org/conda-forge/noarch/progressbar2-4.0.0-pyhd8ed1ab_0.tar.bz2#c5107786251db3803d318f1c4afa27e3
https://conda.anaconda.org/conda-forge/linux-64/cffi-1.15.0-py39h4bc2ebd_0.tar.bz2#f6191bf565dee581e77549d63737751c
https://conda.anaconda.org/conda-forge/noarch/python-dateutil-2.8.2-pyhd8ed1ab_0.tar.bz2#dd999d1cc9f79e67dbb855c8924c7984
https://conda.anaconda.org/conda-forge/noarch/intervaltree-3.0.2-py_0.tar.bz2#64dd102643a52a6a2088b54efe64212a
https://repo.anaconda.com/pkgs/main/linux-64/conda-package-handling-1.7.3-py39h27cfd23_1.conda#20631b5b77d257cecd8375cdcc1f30bf
https://conda.anaconda.org/bioconda/linux-64/bwapy-0.1.4-py39h87d955d_4.tar.bz2#d55fdcd2f389a82a585eef4bd9386a3b
https://repo.anaconda.com/pkgs/main/linux-64/brotlipy-0.7.0-py39h27cfd23_1003.conda#be47bcffb9e3e7495897b02589f5ad1a
https://repo.anaconda.com/pkgs/main/linux-64/cryptography-36.0.0-py39h9ce1e76_0.conda#80423034596f7bf5c42bd2e65e6f75b8
https://conda.anaconda.org/conda-forge/linux-64/pandas-1.4.2-py39h1832856_1.tar.bz2#264505bcd299b8d564195cfb3e6038f0
https://repo.anaconda.com/pkgs/main/noarch/pyopenssl-21.0.0-pyhd3eb1b0_1.conda#746be81549dbafdd5de39bba883006a1
https://repo.anaconda.com/pkgs/main/noarch/conda-content-trust-0.1.1-pyhd3eb1b0_0.conda#c1141f2ca06c8fe258c419190278f26a
https://conda.anaconda.org/bioconda/noarch/truvari-3.2.0-pyhdfd78af_0.tar.bz2#652e008bb65580607515da510c583ebf
https://repo.anaconda.com/pkgs/main/noarch/urllib3-1.26.7-pyhd3eb1b0_0.conda#e17184b31cca4681ee0ab27abf546987
https://repo.anaconda.com/pkgs/main/noarch/requests-2.27.1-pyhd3eb1b0_0.conda#9b593f86737e69140c47c2107ecf277c
https://conda.anaconda.org/conda-forge/linux-64/conda-4.12.0-py39hf3d152e_0.tar.bz2#fb54573fc3909e06c3f289e0fbf9ca3d
https://conda.anaconda.org/conda-forge/linux-64/mamba-0.22.1-py39hfa8f2c8_1.tar.bz2#ad40436c4cf933f2b045ca1d1245cb1c
